
Microsoft Visual Studio Solution File, Format Version 12.00
# Visual Studio Version 16
VisualStudioVersion = 16.0.29209.62
MinimumVisualStudioVersion = 10.0.40219.1
Project("{FAE04EC0-301F-11D3-BF4B-00C04F79EFBC}") = "Docx", "Docx.csproj", "{0193BC39-1CA6-46A2-9018-7AA5E89CE223}"
EndProject
Project("{FAE04EC0-301F-11D3-BF4B-00C04F79EFBC}") = "Xceed.Words.NET.Examples", "..\DocX-master\Xceed.Words.NET.Examples\Xceed.Words.NET.Examples.csproj", "{F3022BB7-0E40-4C80-A495-37FEAF3671AB}"
EndProject
Project("{54435603-DBB4-11D2-8724-00A0C9A8B90C}") = "疾风Word批量处理器", "..\DocxSetup\DocxSetup.vdproj", "{839CC32B-1DB4-4BEE-8942-7204D64DA239}"
EndProject
Global
	GlobalSection(SolutionConfigurationPlatforms) = preSolution
		Debug|Any CPU = Debug|Any CPU
		Release|Any CPU = Release|Any CPU
	EndGlobalSection
	GlobalSection(ProjectConfigurationPlatforms) = postSolution
		{0193BC39-1CA6-46A2-9018-7AA5E89CE223}.Debug|Any CPU.ActiveCfg = Debug|Any CPU
		{0193BC39-1CA6-46A2-9018-7AA5E89CE223}.Debug|Any CPU.Build.0 = Debug|Any CPU
		{0193BC39-1CA6-46A2-9018-7AA5E89CE223}.Release|Any CPU.ActiveCfg = Release|Any CPU
		{0193BC39-1CA6-46A2-9018-7AA5E89CE223}.Release|Any CPU.Build.0 = Release|Any CPU
		{F3022BB7-0E40-4C80-A495-37FEAF3671AB}.Debug|Any CPU.ActiveCfg = Debug|Any CPU
		{F3022BB7-0E40-4C80-A495-37FEAF3671AB}.Debug|Any CPU.Build.0 = Debug|Any CPU
		{F3022BB7-0E40-4C80-A495-37FEAF3671AB}.Release|Any CPU.ActiveCfg = Release|Any CPU
		{F3022BB7-0E40-4C80-A495-37FEAF3671AB}.Release|Any CPU.Build.0 = Release|Any CPU
		{839CC32B-1DB4-4BEE-8942-7204D64DA239}.Debug|Any CPU.ActiveCfg = Debug
		{839CC32B-1DB4-4BEE-8942-7204D64DA239}.Release|Any CPU.ActiveCfg = Release
	EndGlobalSection
	GlobalSection(SolutionProperties) = preSolution
		HideSolutionNode = FALSE
	EndGlobalSection
	GlobalSection(ExtensibilityGlobals) = postSolution
		SolutionGuid = {04394855-D0D7-4C38-BBA3-F34FAC83D828}
	EndGlobalSection
EndGlobal
